// !$*UTF8*$!
{
	archiveVersion = 1;
	classes = {
	};
	objectVersion = 51;
	objects = {

/* Begin PBXBuildFile section */
		B526D43727A2B8640010023A /* AppDelegate.swift in Sources */ = {isa = PBXBuildFile; fileRef = B526D43627A2B8640010023A /* AppDelegate.swift */; };
		B526D43927A2B8640010023A /* SceneDelegate.swift in Sources */ = {isa = PBXBuildFile; fileRef = B526D43827A2B8640010023A /* SceneDelegate.swift */; };
		B526D44027A2B8660010023A /* Assets.xcassets in Resources */ = {isa = PBXBuildFile; fileRef = B526D43F27A2B8660010023A /* Assets.xcassets */; };
		B526D44327A2B8660010023A /* LaunchScreen.storyboard in Resources */ = {isa = PBXBuildFile; fileRef = B526D44127A2B8660010023A /* LaunchScreen.storyboard */; };
		B526D44F27A2BBFD0010023A /* MapKitNavigatorPresenter.swift in Sources */ = {isa = PBXBuildFile; fileRef = B526D44E27A2BBFD0010023A /* MapKitNavigatorPresenter.swift */; };
		B526D45127A2BC180010023A /* MapKitNavigatorInteractor.swift in Sources */ = {isa = PBXBuildFile; fileRef = B526D45027A2BC180010023A /* MapKitNavigatorInteractor.swift */; };
		B526D45327A2BC300010023A /* MapKitNavigatorModels.swift in Sources */ = {isa = PBXBuildFile; fileRef = B526D45227A2BC300010023A /* MapKitNavigatorModels.swift */; };
		B526D45827A2C01C0010023A /* UIView+Pin.swift in Sources */ = {isa = PBXBuildFile; fileRef = B526D45727A2C01C0010023A /* UIView+Pin.swift */; };
		B526D45D27A2C94A0010023A /* BottomButton.swift in Sources */ = {isa = PBXBuildFile; fileRef = B526D45C27A2C94A0010023A /* BottomButton.swift */; };
		B526D46027A2DCAE0010023A /* MapKitNavigator+UITextFieldDelegate.swift in Sources */ = {isa = PBXBuildFile; fileRef = B526D45F27A2DCAE0010023A /* MapKitNavigator+UITextFieldDelegate.swift */; };
		B598C04327A415B3004B896E /* MapKitNavigatorController.swift in Sources */ = {isa = PBXBuildFile; fileRef = B598C04227A415B3004B896E /* MapKitNavigatorController.swift */; };
		B598C04527A4496F004B896E /* YandexMapKitAPIKey.swift in Sources */ = {isa = PBXBuildFile; fileRef = B598C04427A4496F004B896E /* YandexMapKitAPIKey.swift */; };
		B598C04727A4503F004B896E /* PlusMinusButton.swift in Sources */ = {isa = PBXBuildFile; fileRef = B598C04627A4503F004B896E /* PlusMinusButton.swift */; };
		EAB0245E2753D83334E0AE7A /* Pods_mdleypunskiyPW7.framework in Frameworks */ = {isa = PBXBuildFile; fileRef = 0133A967BE5CDBC000952A02 /* Pods_mdleypunskiyPW7.framework */; };
/* End PBXBuildFile section */

/* Begin PBXFileReference section */
		0133A967BE5CDBC000952A02 /* Pods_mdleypunskiyPW7.framework */ = {isa = PBXFileReference; explicitFileType = wrapper.framework; includeInIndex = 0; path = Pods_mdleypunskiyPW7.framework; sourceTree = BUILT_PRODUCTS_DIR; };
		B526D43327A2B8640010023A /* mdleypunskiyPW7.app */ = {isa = PBXFileReference; explicitFileType = wrapper.application; includeInIndex = 0; path = mdleypunskiyPW7.app; sourceTree = BUILT_PRODUCTS_DIR; };
		B526D43627A2B8640010023A /* AppDelegate.swift */ = {isa = PBXFileReference; lastKnownFileType = sourcecode.swift; path = AppDelegate.swift; sourceTree = "<group>"; };
		B526D43827A2B8640010023A /* SceneDelegate.swift */ = {isa = PBXFileReference; lastKnownFileType = sourcecode.swift; path = SceneDelegate.swift; sourceTree = "<group>"; };
		B526D43F27A2B8660010023A /* Assets.xcassets */ = {isa = PBXFileReference; lastKnownFileType = folder.assetcatalog; path = Assets.xcassets; sourceTree = "<group>"; };
		B526D44227A2B8660010023A /* Base */ = {isa = PBXFileReference; lastKnownFileType = file.storyboard; name = Base; path = Base.lproj/LaunchScreen.storyboard; sourceTree = "<group>"; };
		B526D44427A2B8660010023A /* Info.plist */ = {isa = PBXFileReference; lastKnownFileType = text.plist.xml; path = Info.plist; sourceTree = "<group>"; };
		B526D44E27A2BBFD0010023A /* MapKitNavigatorPresenter.swift */ = {isa = PBXFileReference; lastKnownFileType = sourcecode.swift; path = MapKitNavigatorPresenter.swift; sourceTree = "<group>"; };
		B526D45027A2BC180010023A /* MapKitNavigatorInteractor.swift */ = {isa = PBXFileReference; lastKnownFileType = sourcecode.swift; path = MapKitNavigatorInteractor.swift; sourceTree = "<group>"; };
		B526D45227A2BC300010023A /* MapKitNavigatorModels.swift */ = {isa = PBXFileReference; lastKnownFileType = sourcecode.swift; path = MapKitNavigatorModels.swift; sourceTree = "<group>"; };
		B526D45727A2C01C0010023A /* UIView+Pin.swift */ = {isa = PBXFileReference; fileEncoding = 4; lastKnownFileType = sourcecode.swift; path = "UIView+Pin.swift"; sourceTree = "<group>"; };
		B526D45C27A2C94A0010023A /* BottomButton.swift */ = {isa = PBXFileReference; lastKnownFileType = sourcecode.swift; path = BottomButton.swift; sourceTree = "<group>"; };
		B526D45F27A2DCAE0010023A /* MapKitNavigator+UITextFieldDelegate.swift */ = {isa = PBXFileReference; lastKnownFileType = sourcecode.swift; path = "MapKitNavigator+UITextFieldDelegate.swift"; sourceTree = "<group>"; };
		B598C04227A415B3004B896E /* MapKitNavigatorController.swift */ = {isa = PBXFileReference; fileEncoding = 4; lastKnownFileType = sourcecode.swift; name = MapKitNavigatorController.swift; path = Buttons/MapKitNavigatorController.swift; sourceTree = "<group>"; };
		B598C04427A4496F004B896E /* YandexMapKitAPIKey.swift */ = {isa = PBXFileReference; lastKnownFileType = sourcecode.swift; path = YandexMapKitAPIKey.swift; sourceTree = "<group>"; };
		B598C04627A4503F004B896E /* PlusMinusButton.swift */ = {isa = PBXFileReference; lastKnownFileType = sourcecode.swift; path = PlusMinusButton.swift; sourceTree = "<group>"; };
		CE9C391CD345A07B9B038AE9 /* Pods-mdleypunskiyPW7.debug.xcconfig */ = {isa = PBXFileReference; includeInIndex = 1; lastKnownFileType = text.xcconfig; name = "Pods-mdleypunskiyPW7.debug.xcconfig"; path = "Target Support Files/Pods-mdleypunskiyPW7/Pods-mdleypunskiyPW7.debug.xcconfig"; sourceTree = "<group>"; };
		E20ED78A7B393E0E7DAC5FC3 /* Pods-mdleypunskiyPW7.release.xcconfig */ = {isa = PBXFileReference; includeInIndex = 1; lastKnownFileType = text.xcconfig; name = "Pods-mdleypunskiyPW7.release.xcconfig"; path = "Target Support Files/Pods-mdleypunskiyPW7/Pods-mdleypunskiyPW7.release.xcconfig"; sourceTree = "<group>"; };
/* End PBXFileReference section */

/* Begin PBXFrameworksBuildPhase section */
		B526D43027A2B8640010023A /* Frameworks */ = {
			isa = PBXFrameworksBuildPhase;
			buildActionMask = 2147483647;
			files = (
				EAB0245E2753D83334E0AE7A /* Pods_mdleypunskiyPW7.framework in Frameworks */,
			);
			runOnlyForDeploymentPostprocessing = 0;
		};
/* End PBXFrameworksBuildPhase section */

/* Begin PBXGroup section */
		ACFA28EAC2304C92B00C748C /* Frameworks */ = {
			isa = PBXGroup;
			children = (
				0133A967BE5CDBC000952A02 /* Pods_mdleypunskiyPW7.framework */,
			);
			name = Frameworks;
			sourceTree = "<group>";
		};
		B526D42A27A2B8640010023A = {
			isa = PBXGroup;
			children = (
				B526D43527A2B8640010023A /* mdleypunskiyPW7 */,
				B526D43427A2B8640010023A /* Products */,
				B9F9F74E32B56F733BD36BA7 /* Pods */,
				ACFA28EAC2304C92B00C748C /* Frameworks */,
			);
			sourceTree = "<group>";
		};
		B526D43427A2B8640010023A /* Products */ = {
			isa = PBXGroup;
			children = (
				B526D43327A2B8640010023A /* mdleypunskiyPW7.app */,
			);
			name = Products;
			sourceTree = "<group>";
		};
		B526D43527A2B8640010023A /* mdleypunskiyPW7 */ = {
			isa = PBXGroup;
			children = (
				B526D44A27A2BB880010023A /* Screens */,
				B526D43627A2B8640010023A /* AppDelegate.swift */,
				B526D43827A2B8640010023A /* SceneDelegate.swift */,
				B526D43F27A2B8660010023A /* Assets.xcassets */,
				B526D44127A2B8660010023A /* LaunchScreen.storyboard */,
				B526D44427A2B8660010023A /* Info.plist */,
				B526D45727A2C01C0010023A /* UIView+Pin.swift */,
				B598C04427A4496F004B896E /* YandexMapKitAPIKey.swift */,
			);
			path = mdleypunskiyPW7;
			sourceTree = "<group>";
		};
		B526D44A27A2BB880010023A /* Screens */ = {
			isa = PBXGroup;
			children = (
				B526D44B27A2BB930010023A /* MapKitNavigatorScreen */,
			);
			path = Screens;
			sourceTree = "<group>";
		};
		B526D44B27A2BB930010023A /* MapKitNavigatorScreen */ = {
			isa = PBXGroup;
			children = (
				B526D45E27A2DC630010023A /* Extensions */,
				B526D45B27A2C9280010023A /* Buttons */,
				B526D44E27A2BBFD0010023A /* MapKitNavigatorPresenter.swift */,
				B598C04227A415B3004B896E /* MapKitNavigatorController.swift */,
				B526D45027A2BC180010023A /* MapKitNavigatorInteractor.swift */,
				B526D45227A2BC300010023A /* MapKitNavigatorModels.swift */,
			);
			path = MapKitNavigatorScreen;
			sourceTree = "<group>";
		};
		B526D45B27A2C9280010023A /* Buttons */ = {
			isa = PBXGroup;
			children = (
				B526D45C27A2C94A0010023A /* BottomButton.swift */,
				B598C04627A4503F004B896E /* PlusMinusButton.swift */,
			);
			path = Buttons;
			sourceTree = "<group>";
		};
		B526D45E27A2DC630010023A /* Extensions */ = {
			isa = PBXGroup;
			children = (
				B526D45F27A2DCAE0010023A /* MapKitNavigator+UITextFieldDelegate.swift */,
			);
			path = Extensions;
			sourceTree = "<group>";
		};
		B9F9F74E32B56F733BD36BA7 /* Pods */ = {
			isa = PBXGroup;
			children = (
				CE9C391CD345A07B9B038AE9 /* Pods-mdleypunskiyPW7.debug.xcconfig */,
				E20ED78A7B393E0E7DAC5FC3 /* Pods-mdleypunskiyPW7.release.xcconfig */,
			);
			path = Pods;
			sourceTree = "<group>";
		};
/* End PBXGroup section */

/* Begin PBXNativeTarget section */
		B526D43227A2B8640010023A /* mdleypunskiyPW7 */ = {
			isa = PBXNativeTarget;
			buildConfigurationList = B526D44727A2B8660010023A /* Build configuration list for PBXNativeTarget "mdleypunskiyPW7" */;
			buildPhases = (
				EF197B701F44791FC00F984C /* [CP] Check Pods Manifest.lock */,
				B526D42F27A2B8640010023A /* Sources */,
				B526D43027A2B8640010023A /* Frameworks */,
				B526D43127A2B8640010023A /* Resources */,
				E5AEE3DB1AB81B0E2D63AE95 /* [CP] Copy Pods Resources */,
			);
			buildRules = (
			);
			dependencies = (
			);
			name = mdleypunskiyPW7;
			productName = mdleypunskiyPW7;
			productReference = B526D43327A2B8640010023A /* mdleypunskiyPW7.app */;
			productType = "com.apple.product-type.application";
		};
/* End PBXNativeTarget section */

/* Begin PBXProject section */
		B526D42B27A2B8640010023A /* Project object */ = {
			isa = PBXProject;
			attributes = {
				LastSwiftUpdateCheck = 1250;
				LastUpgradeCheck = 1250;
				TargetAttributes = {
					B526D43227A2B8640010023A = {
						CreatedOnToolsVersion = 12.5.1;
					};
				};
			};
			buildConfigurationList = B526D42E27A2B8640010023A /* Build configuration list for PBXProject "mdleypunskiyPW7" */;
			compatibilityVersion = "Xcode 9.3";
			developmentRegion = en;
			hasScannedForEncodings = 0;
			knownRegions = (
				en,
				Base,
			);
			mainGroup = B526D42A27A2B8640010023A;
			productRefGroup = B526D43427A2B8640010023A /* Products */;
			projectDirPath = "";
			projectRoot = "";
			targets = (
				B526D43227A2B8640010023A /* mdleypunskiyPW7 */,
			);
		};
/* End PBXProject section */

/* Begin PBXResourcesBuildPhase section */
		B526D43127A2B8640010023A /* Resources */ = {
			isa = PBXResourcesBuildPhase;
			buildActionMask = 2147483647;
			files = (
				B526D44327A2B8660010023A /* LaunchScreen.storyboard in Resources */,
				B526D44027A2B8660010023A /* Assets.xcassets in Resources */,
			);
			runOnlyForDeploymentPostprocessing = 0;
		};
/* End PBXResourcesBuildPhase section */

/* Begin PBXShellScriptBuildPhase section */
		E5AEE3DB1AB81B0E2D63AE95 /* [CP] Copy Pods Resources */ = {
			isa = PBXShellScriptBuildPhase;
			buildActionMask = 2147483647;
			files = (
			);
			inputFileListPaths = (
				"${PODS_ROOT}/Target Support Files/Pods-mdleypunskiyPW7/Pods-mdleypunskiyPW7-resources-${CONFIGURATION}-input-files.xcfilelist",
			);
			name = "[CP] Copy Pods Resources";
			outputFileListPaths = (
				"${PODS_ROOT}/Target Support Files/Pods-mdleypunskiyPW7/Pods-mdleypunskiyPW7-resources-${CONFIGURATION}-output-files.xcfilelist",
			);
			runOnlyForDeploymentPostprocessing = 0;
			shellPath = /bin/sh;
			shellScript = "\"${PODS_ROOT}/Target Support Files/Pods-mdleypunskiyPW7/Pods-mdleypunskiyPW7-resources.sh\"\n";
			showEnvVarsInLog = 0;
		};
		EF197B701F44791FC00F984C /* [CP] Check Pods Manifest.lock */ = {
			isa = PBXShellScriptBuildPhase;
			buildActionMask = 2147483647;
			files = (
			);
			inputFileListPaths = (
			);
			inputPaths = (
				"${PODS_PODFILE_DIR_PATH}/Podfile.lock",
				"${PODS_ROOT}/Manifest.lock",
			);
			name = "[CP] Check Pods Manifest.lock";
			outputFileListPaths = (
			);
			outputPaths = (
				"$(DERIVED_FILE_DIR)/Pods-mdleypunskiyPW7-checkManifestLockResult.txt",
			);
			runOnlyForDeploymentPostprocessing = 0;
			shellPath = /bin/sh;
			shellScript = "diff \"${PODS_PODFILE_DIR_PATH}/Podfile.lock\" \"${PODS_ROOT}/Manifest.lock\" > /dev/null\nif [ $? != 0 ] ; then\n    # print error to STDERR\n    echo \"error: The sandbox is not in sync with the Podfile.lock. Run 'pod install' or update your CocoaPods installation.\" >&2\n    exit 1\nfi\n# This output is used by Xcode 'outputs' to avoid re-running this script phase.\necho \"SUCCESS\" > \"${SCRIPT_OUTPUT_FILE_0}\"\n";
			showEnvVarsInLog = 0;
		};
/* End PBXShellScriptBuildPhase section */

/* Begin PBXSourcesBuildPhase section */
		B526D42F27A2B8640010023A /* Sources */ = {
			isa = PBXSourcesBuildPhase;
			buildActionMask = 2147483647;
			files = (
				B598C04327A415B3004B896E /* MapKitNavigatorController.swift in Sources */,
				B526D45127A2BC180010023A /* MapKitNavigatorInteractor.swift in Sources */,
				B598C04727A4503F004B896E /* PlusMinusButton.swift in Sources */,
				B526D46027A2DCAE0010023A /* MapKitNavigator+UITextFieldDelegate.swift in Sources */,
				B526D44F27A2BBFD0010023A /* MapKitNavigatorPresenter.swift in Sources */,
				B526D43727A2B8640010023A /* AppDelegate.swift in Sources */,
				B598C04527A4496F004B896E /* YandexMapKitAPIKey.swift in Sources */,
				B526D43927A2B8640010023A /* SceneDelegate.swift in Sources */,
				B526D45327A2BC300010023A /* MapKitNavigatorModels.swift in Sources */,
				B526D45827A2C01C0010023A /* UIView+Pin.swift in Sources */,
				B526D45D27A2C94A0010023A /* BottomButton.swift in Sources */,
			);
			runOnlyForDeploymentPostprocessing = 0;
		};
/* End PBXSourcesBuildPhase section */

/* Begin PBXVariantGroup section */
		B526D44127A2B8660010023A /* LaunchScreen.storyboard */ = {
			isa = PBXVariantGroup;
			children = (
				B526D44227A2B8660010023A /* Base */,
			);
			name = LaunchScreen.storyboard;
			sourceTree = "<group>";
		};
/* End PBXVariantGroup section */

/* Begin XCBuildConfiguration section */
		B526D44527A2B8660010023A /* Debug */ = {
			isa = XCBuildConfiguration;
			buildSettings = {
				ALWAYS_SEARCH_USER_PATHS = NO;
				CLANG_ANALYZER_NONNULL = YES;
				CLANG_ANALYZER_NUMBER_OBJECT_CONVERSION = YES_AGGRESSIVE;
				CLANG_CXX_LANGUAGE_STANDARD = "gnu++14";
				CLANG_CXX_LIBRARY = "libc++";
				CLANG_ENABLE_MODULES = YES;
				CLANG_ENABLE_OBJC_ARC = YES;
				CLANG_ENABLE_OBJC_WEAK = YES;
				CLANG_WARN_BLOCK_CAPTURE_AUTORELEASING = YES;
				CLANG_WARN_BOOL_CONVERSION = YES;
				CLANG_WARN_COMMA = YES;
				CLANG_WARN_CONSTANT_CONVERSION = YES;
				CLANG_WARN_DEPRECATED_OBJC_IMPLEMENTATIONS = YES;
				CLANG_WARN_DIRECT_OBJC_ISA_USAGE = YES_ERROR;
				CLANG_WARN_DOCUMENTATION_COMMENTS = YES;
				CLANG_WARN_EMPTY_BODY = YES;
				CLANG_WARN_ENUM_CONVERSION = YES;
				CLANG_WARN_INFINITE_RECURSION = YES;
				CLANG_WARN_INT_CONVERSION = YES;
				CLANG_WARN_NON_LITERAL_NULL_CONVERSION = YES;
				CLANG_WARN_OBJC_IMPLICIT_RETAIN_SELF = YES;
				CLANG_WARN_OBJC_LITERAL_CONVERSION = YES;
				CLANG_WARN_OBJC_ROOT_CLASS = YES_ERROR;
				CLANG_WARN_QUOTED_INCLUDE_IN_FRAMEWORK_HEADER = YES;
				CLANG_WARN_RANGE_LOOP_ANALYSIS = YES;
				CLANG_WARN_STRICT_PROTOTYPES = YES;
				CLANG_WARN_SUSPICIOUS_MOVE = YES;
				CLANG_WARN_UNGUARDED_AVAILABILITY = YES_AGGRESSIVE;
				CLANG_WARN_UNREACHABLE_CODE = YES;
				CLANG_WARN__DUPLICATE_METHOD_MATCH = YES;
				COPY_PHASE_STRIP = NO;
				DEBUG_INFORMATION_FORMAT = dwarf;
				ENABLE_STRICT_OBJC_MSGSEND = YES;
				ENABLE_TESTABILITY = YES;
				GCC_C_LANGUAGE_STANDARD = gnu11;
				GCC_DYNAMIC_NO_PIC = NO;
				GCC_NO_COMMON_BLOCKS = YES;
				GCC_OPTIMIZATION_LEVEL = 0;
				GCC_PREPROCESSOR_DEFINITIONS = (
					"DEBUG=1",
					"$(inherited)",
				);
				GCC_WARN_64_TO_32_BIT_CONVERSION = YES;
				GCC_WARN_ABOUT_RETURN_TYPE = YES_ERROR;
				GCC_WARN_UNDECLARED_SELECTOR = YES;
				GCC_WARN_UNINITIALIZED_AUTOS = YES_AGGRESSIVE;
				GCC_WARN_UNUSED_FUNCTION = YES;
				GCC_WARN_UNUSED_VARIABLE = YES;
				IPHONEOS_DEPLOYMENT_TARGET = 14.5;
				MTL_ENABLE_DEBUG_INFO = INCLUDE_SOURCE;
				MTL_FAST_MATH = YES;
				ONLY_ACTIVE_ARCH = YES;
				SDKROOT = iphoneos;
				SWIFT_ACTIVE_COMPILATION_CONDITIONS = DEBUG;
				SWIFT_OPTIMIZATION_LEVEL = "-Onone";
			};
			name = Debug;
		};
		B526D44627A2B8660010023A /* Release */ = {
			isa = XCBuildConfiguration;
			buildSettings = {
				ALWAYS_SEARCH_USER_PATHS = NO;
				CLANG_ANALYZER_NONNULL = YES;
				CLANG_ANALYZER_NUMBER_OBJECT_CONVERSION = YES_AGGRESSIVE;
				CLANG_CXX_LANGUAGE_STANDARD = "gnu++14";
				CLANG_CXX_LIBRARY = "libc++";
				CLANG_ENABLE_MODULES = YES;
				CLANG_ENABLE_OBJC_ARC = YES;
				CLANG_ENABLE_OBJC_WEAK = YES;
				CLANG_WARN_BLOCK_CAPTURE_AUTORELEASING = YES;
				CLANG_WARN_BOOL_CONVERSION = YES;
				CLANG_WARN_COMMA = YES;
				CLANG_WARN_CONSTANT_CONVERSION = YES;
				CLANG_WARN_DEPRECATED_OBJC_IMPLEMENTATIONS = YES;
				CLANG_WARN_DIRECT_OBJC_ISA_USAGE = YES_ERROR;
				CLANG_WARN_DOCUMENTATION_COMMENTS = YES;
				CLANG_WARN_EMPTY_BODY = YES;
				CLANG_WARN_ENUM_CONVERSION = YES;
				CLANG_WARN_INFINITE_RECURSION = YES;
				CLANG_WARN_INT_CONVERSION = YES;
				CLANG_WARN_NON_LITERAL_NULL_CONVERSION = YES;
				CLANG_WARN_OBJC_IMPLICIT_RETAIN_SELF = YES;
				CLANG_WARN_OBJC_LITERAL_CONVERSION = YES;
				CLANG_WARN_OBJC_ROOT_CLASS = YES_ERROR;
				CLANG_WARN_QUOTED_INCLUDE_IN_FRAMEWORK_HEADER = YES;
				CLANG_WARN_RANGE_LOOP_ANALYSIS = YES;
				CLANG_WARN_STRICT_PROTOTYPES = YES;
				CLANG_WARN_SUSPICIOUS_MOVE = YES;
				CLANG_WARN_UNGUARDED_AVAILABILITY = YES_AGGRESSIVE;
				CLANG_WARN_UNREACHABLE_CODE = YES;
				CLANG_WARN__DUPLICATE_METHOD_MATCH = YES;
				COPY_PHASE_STRIP = NO;
				DEBUG_INFORMATION_FORMAT = "dwarf-with-dsym";
				ENABLE_NS_ASSERTIONS = NO;
				ENABLE_STRICT_OBJC_MSGSEND = YES;
				GCC_C_LANGUAGE_STANDARD = gnu11;
				GCC_NO_COMMON_BLOCKS = YES;
				GCC_WARN_64_TO_32_BIT_CONVERSION = YES;
				GCC_WARN_ABOUT_RETURN_TYPE = YES_ERROR;
				GCC_WARN_UNDECLARED_SELECTOR = YES;
				GCC_WARN_UNINITIALIZED_AUTOS = YES_AGGRESSIVE;
				GCC_WARN_UNUSED_FUNCTION = YES;
				GCC_WARN_UNUSED_VARIABLE = YES;
				IPHONEOS_DEPLOYMENT_TARGET = 14.5;
				MTL_ENABLE_DEBUG_INFO = NO;
				MTL_FAST_MATH = YES;
				SDKROOT = iphoneos;
				SWIFT_COMPILATION_MODE = wholemodule;
				SWIFT_OPTIMIZATION_LEVEL = "-O";
				VALIDATE_PRODUCT = YES;
			};
			name = Release;
		};
		B526D44827A2B8660010023A /* Debug */ = {
			isa = XCBuildConfiguration;
			baseConfigurationReference = CE9C391CD345A07B9B038AE9 /* Pods-mdleypunskiyPW7.debug.xcconfig */;
			buildSettings = {
				ASSETCATALOG_COMPILER_APPICON_NAME = AppIcon;
				ASSETCATALOG_COMPILER_GLOBAL_ACCENT_COLOR_NAME = AccentColor;
				CODE_SIGN_STYLE = Automatic;
				DEVELOPMENT_TEAM = 4Z3SGZ5ZPA;
				INFOPLIST_FILE = mdleypunskiyPW7/Info.plist;
				LD_RUNPATH_SEARCH_PATHS = (
					"$(inherited)",
					"@executable_path/Frameworks",
				);
				PRODUCT_BUNDLE_IDENTIFIER = mdleypunskiy.mdleypunskiyPW7;
				PRODUCT_NAME = "$(TARGET_NAME)";
				SWIFT_VERSION = 5.0;
				TARGETED_DEVICE_FAMILY = "1,2";
			};
			name = Debug;
		};
		B526D44927A2B8660010023A /* Release */ = {
			isa = XCBuildConfiguration;
			baseConfigurationReference = E20ED78A7B393E0E7DAC5FC3 /* Pods-mdleypunskiyPW7.release.xcconfig */;
			buildSettings = {
				ASSETCATALOG_COMPILER_APPICON_NAME = AppIcon;
				ASSETCATALOG_COMPILER_GLOBAL_ACCENT_COLOR_NAME = AccentColor;
				CODE_SIGN_STYLE = Automatic;
				DEVELOPMENT_TEAM = 4Z3SGZ5ZPA;
				INFOPLIST_FILE = mdleypunskiyPW7/Info.plist;
				LD_RUNPATH_SEARCH_PATHS = (
					"$(inherited)",
					"@executable_path/Frameworks",
				);
				PRODUCT_BUNDLE_IDENTIFIER = mdleypunskiy.mdleypunskiyPW7;
				PRODUCT_NAME = "$(TARGET_NAME)";
				SWIFT_VERSION = 5.0;
				TARGETED_DEVICE_FAMILY = "1,2";
			};
			name = Release;
		};
/* End XCBuildConfiguration section */

/* Begin XCConfigurationList section */
		B526D42E27A2B8640010023A /* Build configuration list for PBXProject "mdleypunskiyPW7" */ = {
			isa = XCConfigurationList;
			buildConfigurations = (
				B526D44527A2B8660010023A /* Debug */,
				B526D44627A2B8660010023A /* Release */,
			);
			defaultConfigurationIsVisible = 0;
			defaultConfigurationName = Release;
		};
		B526D44727A2B8660010023A /* Build configuration list for PBXNativeTarget "mdleypunskiyPW7" */ = {
			isa = XCConfigurationList;
			buildConfigurations = (
				B526D44827A2B8660010023A /* Debug */,
				B526D44927A2B8660010023A /* Release */,
			);
			defaultConfigurationIsVisible = 0;
			defaultConfigurationName = Release;
		};
/* End XCConfigurationList section */
	};
	rootObject = B526D42B27A2B8640010023A /* Project object */;
}
